
Microsoft Visual Studio Solution File, Format Version 12.00
# Visual Studio Version 17
VisualStudioVersion = 17.8.34316.72
MinimumVisualStudioVersion = 10.0.40219.1
Project("{FAE04EC0-301F-11D3-BF4B-00C04F79EFBC}") = "Day15", "Day15\Day15.csproj", "{578F35C5-5F83-4438-9092-A24210CBE9B3}"
EndProject
Global
	GlobalSection(SolutionConfigurationPlatforms) = preSolution
		Debug|Any CPU = Debug|Any CPU
		Release|Any CPU = Release|Any CPU
	EndGlobalSection
	GlobalSection(ProjectConfigurationPlatforms) = postSolution
		{578F35C5-5F83-4438-9092-A24210CBE9B3}.Debug|Any CPU.ActiveCfg = Debug|Any CPU
		{578F35C5-5F83-4438-9092-A24210CBE9B3}.Debug|Any CPU.Build.0 = Debug|Any CPU
		{578F35C5-5F83-4438-9092-A24210CBE9B3}.Release|Any CPU.ActiveCfg = Release|Any CPU
		{578F35C5-5F83-4438-9092-A24210CBE9B3}.Release|Any CPU.Build.0 = Release|Any CPU
	EndGlobalSection
	GlobalSection(SolutionProperties) = preSolution
		HideSolutionNode = FALSE
	EndGlobalSection
	GlobalSection(ExtensibilityGlobals) = postSolution
		SolutionGuid = {3C130E06-874C-450A-9046-31BA4E2F32A1}
	EndGlobalSection
EndGlobal
