
Microsoft Visual Studio Solution File, Format Version 12.00
# Visual Studio Version 17
VisualStudioVersion = 17.8.34316.72
MinimumVisualStudioVersion = 10.0.40219.1
Project("{FAE04EC0-301F-11D3-BF4B-00C04F79EFBC}") = "Day2", "Day2\Day2.csproj", "{EC68FAE1-FB50-46C5-9AA3-5816FE70DD16}"
EndProject
Global
	GlobalSection(SolutionConfigurationPlatforms) = preSolution
		Debug|Any CPU = Debug|Any CPU
		Release|Any CPU = Release|Any CPU
	EndGlobalSection
	GlobalSection(ProjectConfigurationPlatforms) = postSolution
		{EC68FAE1-FB50-46C5-9AA3-5816FE70DD16}.Debug|Any CPU.ActiveCfg = Debug|Any CPU
		{EC68FAE1-FB50-46C5-9AA3-5816FE70DD16}.Debug|Any CPU.Build.0 = Debug|Any CPU
		{EC68FAE1-FB50-46C5-9AA3-5816FE70DD16}.Release|Any CPU.ActiveCfg = Release|Any CPU
		{EC68FAE1-FB50-46C5-9AA3-5816FE70DD16}.Release|Any CPU.Build.0 = Release|Any CPU
	EndGlobalSection
	GlobalSection(SolutionProperties) = preSolution
		HideSolutionNode = FALSE
	EndGlobalSection
	GlobalSection(ExtensibilityGlobals) = postSolution
		SolutionGuid = {AEF244CD-6A83-4ECC-8462-B3D0F0609085}
	EndGlobalSection
EndGlobal
