
Microsoft Visual Studio Solution File, Format Version 12.00
# Visual Studio Version 17
VisualStudioVersion = 17.8.34316.72
MinimumVisualStudioVersion = 10.0.40219.1
Project("{FAE04EC0-301F-11D3-BF4B-00C04F79EFBC}") = "Day17", "Day17\Day17.csproj", "{C3E8E18F-FF13-451C-AADA-856DCDD94142}"
EndProject
Global
	GlobalSection(SolutionConfigurationPlatforms) = preSolution
		Debug|Any CPU = Debug|Any CPU
		Release|Any CPU = Release|Any CPU
	EndGlobalSection
	GlobalSection(ProjectConfigurationPlatforms) = postSolution
		{C3E8E18F-FF13-451C-AADA-856DCDD94142}.Debug|Any CPU.ActiveCfg = Debug|Any CPU
		{C3E8E18F-FF13-451C-AADA-856DCDD94142}.Debug|Any CPU.Build.0 = Debug|Any CPU
		{C3E8E18F-FF13-451C-AADA-856DCDD94142}.Release|Any CPU.ActiveCfg = Release|Any CPU
		{C3E8E18F-FF13-451C-AADA-856DCDD94142}.Release|Any CPU.Build.0 = Release|Any CPU
	EndGlobalSection
	GlobalSection(SolutionProperties) = preSolution
		HideSolutionNode = FALSE
	EndGlobalSection
	GlobalSection(ExtensibilityGlobals) = postSolution
		SolutionGuid = {D91A4103-A3AD-4C67-AE60-046B3964543C}
	EndGlobalSection
EndGlobal
